// !$*UTF8*$!
{
	archiveVersion = 1;
	classes = {
	};
	objectVersion = 56;
	objects = {

/* Begin PBXBuildFile section */
		6E731F922A2FFF2600143DBA /* generate.sh in Resources */ = {isa = PBXBuildFile; fileRef = 6E731F912A2FFF2600143DBA /* generate.sh */; };
		6E731F972A3005B700143DBA /* CityView.swift in Sources */ = {isa = PBXBuildFile; fileRef = 6E731F962A3005B700143DBA /* CityView.swift */; };
		6E731F9C2A38AD7700143DBA /* CountryView.swift in Sources */ = {isa = PBXBuildFile; fileRef = 6E731F9B2A38AD7700143DBA /* CountryView.swift */; };
		6EEF635D2A393C2400FBDCD3 /* CityDetailsView.swift in Sources */ = {isa = PBXBuildFile; fileRef = 6EEF635C2A393C2400FBDCD3 /* CityDetailsView.swift */; };
		6EEF63622A3944D500FBDCD3 /* Networking in Frameworks */ = {isa = PBXBuildFile; productRef = 6EEF63612A3944D500FBDCD3 /* Networking */; };
		6EEF63642A3944D500FBDCD3 /* UIDesignSystem in Frameworks */ = {isa = PBXBuildFile; productRef = 6EEF63632A3944D500FBDCD3 /* UIDesignSystem */; };
		6EEFDFC42A0BDC5D009C0693 /* OtusHW4App.swift in Sources */ = {isa = PBXBuildFile; fileRef = 6EEFDFC32A0BDC5D009C0693 /* OtusHW4App.swift */; };
		6EEFDFC62A0BDC5D009C0693 /* ContentView.swift in Sources */ = {isa = PBXBuildFile; fileRef = 6EEFDFC52A0BDC5D009C0693 /* ContentView.swift */; };
		6EEFDFC82A0BDC5E009C0693 /* Assets.xcassets in Resources */ = {isa = PBXBuildFile; fileRef = 6EEFDFC72A0BDC5E009C0693 /* Assets.xcassets */; };
		6EEFDFCC2A0BDC5E009C0693 /* Preview Assets.xcassets in Resources */ = {isa = PBXBuildFile; fileRef = 6EEFDFCB2A0BDC5E009C0693 /* Preview Assets.xcassets */; };
/* End PBXBuildFile section */

/* Begin PBXFileReference section */
		6E731F912A2FFF2600143DBA /* generate.sh */ = {isa = PBXFileReference; lastKnownFileType = text.script.sh; path = generate.sh; sourceTree = "<group>"; };
		6E731F962A3005B700143DBA /* CityView.swift */ = {isa = PBXFileReference; lastKnownFileType = sourcecode.swift; path = CityView.swift; sourceTree = "<group>"; };
		6E731F9B2A38AD7700143DBA /* CountryView.swift */ = {isa = PBXFileReference; lastKnownFileType = sourcecode.swift; path = CountryView.swift; sourceTree = "<group>"; };
		6EEF635C2A393C2400FBDCD3 /* CityDetailsView.swift */ = {isa = PBXFileReference; lastKnownFileType = sourcecode.swift; path = CityDetailsView.swift; sourceTree = "<group>"; };
		6EEF635F2A3944A900FBDCD3 /* Networking */ = {isa = PBXFileReference; lastKnownFileType = wrapper; name = Networking; path = Modules/Networking; sourceTree = "<group>"; };
		6EEF63602A3944C000FBDCD3 /* UIDesignSystem */ = {isa = PBXFileReference; lastKnownFileType = wrapper; name = UIDesignSystem; path = Modules/UIDesignSystem; sourceTree = "<group>"; };
		6EEFDFC02A0BDC5D009C0693 /* OtusHW4.app */ = {isa = PBXFileReference; explicitFileType = wrapper.application; includeInIndex = 0; path = OtusHW4.app; sourceTree = BUILT_PRODUCTS_DIR; };
		6EEFDFC32A0BDC5D009C0693 /* OtusHW4App.swift */ = {isa = PBXFileReference; lastKnownFileType = sourcecode.swift; path = OtusHW4App.swift; sourceTree = "<group>"; };
		6EEFDFC52A0BDC5D009C0693 /* ContentView.swift */ = {isa = PBXFileReference; lastKnownFileType = sourcecode.swift; path = ContentView.swift; sourceTree = "<group>"; };
		6EEFDFC72A0BDC5E009C0693 /* Assets.xcassets */ = {isa = PBXFileReference; lastKnownFileType = folder.assetcatalog; path = Assets.xcassets; sourceTree = "<group>"; };
		6EEFDFC92A0BDC5E009C0693 /* OtusHW4.entitlements */ = {isa = PBXFileReference; lastKnownFileType = text.plist.entitlements; path = OtusHW4.entitlements; sourceTree = "<group>"; };
		6EEFDFCB2A0BDC5E009C0693 /* Preview Assets.xcassets */ = {isa = PBXFileReference; lastKnownFileType = folder.assetcatalog; path = "Preview Assets.xcassets"; sourceTree = "<group>"; };
/* End PBXFileReference section */

/* Begin PBXFrameworksBuildPhase section */
		6EEFDFBD2A0BDC5D009C0693 /* Frameworks */ = {
			isa = PBXFrameworksBuildPhase;
			buildActionMask = 2147483647;
			files = (
				6EEF63622A3944D500FBDCD3 /* Networking in Frameworks */,
				6EEF63642A3944D500FBDCD3 /* UIDesignSystem in Frameworks */,
			);
			runOnlyForDeploymentPostprocessing = 0;
		};
/* End PBXFrameworksBuildPhase section */

/* Begin PBXGroup section */
		6E731F8E2A2FF2F800143DBA /* Frameworks */ = {
			isa = PBXGroup;
			children = (
			);
			name = Frameworks;
			sourceTree = "<group>";
		};
		6EEF635E2A3944A900FBDCD3 /* Packages */ = {
			isa = PBXGroup;
			children = (
				6EEF635F2A3944A900FBDCD3 /* Networking */,
				6EEF63602A3944C000FBDCD3 /* UIDesignSystem */,
			);
			name = Packages;
			sourceTree = "<group>";
		};
		6EEFDFB72A0BDC5D009C0693 = {
			isa = PBXGroup;
			children = (
				6EEF635E2A3944A900FBDCD3 /* Packages */,
				6E731F912A2FFF2600143DBA /* generate.sh */,
				6EEFDFC22A0BDC5D009C0693 /* OtusHW4 */,
				6EEFDFC12A0BDC5D009C0693 /* Products */,
				6E731F8E2A2FF2F800143DBA /* Frameworks */,
			);
			sourceTree = "<group>";
		};
		6EEFDFC12A0BDC5D009C0693 /* Products */ = {
			isa = PBXGroup;
			children = (
				6EEFDFC02A0BDC5D009C0693 /* OtusHW4.app */,
			);
			name = Products;
			sourceTree = "<group>";
		};
		6EEFDFC22A0BDC5D009C0693 /* OtusHW4 */ = {
			isa = PBXGroup;
			children = (
				6E731F962A3005B700143DBA /* CityView.swift */,
				6E731F9B2A38AD7700143DBA /* CountryView.swift */,
				6EEF635C2A393C2400FBDCD3 /* CityDetailsView.swift */,
				6EEFDFC32A0BDC5D009C0693 /* OtusHW4App.swift */,
				6EEFDFC52A0BDC5D009C0693 /* ContentView.swift */,
				6EEFDFC72A0BDC5E009C0693 /* Assets.xcassets */,
				6EEFDFC92A0BDC5E009C0693 /* OtusHW4.entitlements */,
				6EEFDFCA2A0BDC5E009C0693 /* Preview Content */,
			);
			path = OtusHW4;
			sourceTree = "<group>";
		};
		6EEFDFCA2A0BDC5E009C0693 /* Preview Content */ = {
			isa = PBXGroup;
			children = (
				6EEFDFCB2A0BDC5E009C0693 /* Preview Assets.xcassets */,
			);
			path = "Preview Content";
			sourceTree = "<group>";
		};
/* End PBXGroup section */

/* Begin PBXNativeTarget section */
		6EEFDFBF2A0BDC5D009C0693 /* OtusHW4 */ = {
			isa = PBXNativeTarget;
			buildConfigurationList = 6EEFDFCF2A0BDC5E009C0693 /* Build configuration list for PBXNativeTarget "OtusHW4" */;
			buildPhases = (
				6EEFDFBC2A0BDC5D009C0693 /* Sources */,
				6EEFDFBD2A0BDC5D009C0693 /* Frameworks */,
				6EEFDFBE2A0BDC5D009C0693 /* Resources */,
			);
			buildRules = (
			);
			dependencies = (
			);
			name = OtusHW4;
			packageProductDependencies = (
				6EEF63612A3944D500FBDCD3 /* Networking */,
				6EEF63632A3944D500FBDCD3 /* UIDesignSystem */,
			);
			productName = OtusHW4;
			productReference = 6EEFDFC02A0BDC5D009C0693 /* OtusHW4.app */;
			productType = "com.apple.product-type.application";
		};
/* End PBXNativeTarget section */

/* Begin PBXProject section */
		6EEFDFB82A0BDC5D009C0693 /* Project object */ = {
			isa = PBXProject;
			attributes = {
				BuildIndependentTargetsInParallel = 1;
				LastSwiftUpdateCheck = 1430;
				LastUpgradeCheck = 1430;
				TargetAttributes = {
					6EEFDFBF2A0BDC5D009C0693 = {
						CreatedOnToolsVersion = 14.3;
					};
				};
			};
			buildConfigurationList = 6EEFDFBB2A0BDC5D009C0693 /* Build configuration list for PBXProject "OtusHW4" */;
			compatibilityVersion = "Xcode 14.0";
			developmentRegion = en;
			hasScannedForEncodings = 0;
			knownRegions = (
				en,
				Base,
			);
			mainGroup = 6EEFDFB72A0BDC5D009C0693;
			productRefGroup = 6EEFDFC12A0BDC5D009C0693 /* Products */;
			projectDirPath = "";
			projectRoot = "";
			targets = (
				6EEFDFBF2A0BDC5D009C0693 /* OtusHW4 */,
			);
		};
/* End PBXProject section */

/* Begin PBXResourcesBuildPhase section */
		6EEFDFBE2A0BDC5D009C0693 /* Resources */ = {
			isa = PBXResourcesBuildPhase;
			buildActionMask = 2147483647;
			files = (
				6EEFDFCC2A0BDC5E009C0693 /* Preview Assets.xcassets in Resources */,
				6EEFDFC82A0BDC5E009C0693 /* Assets.xcassets in Resources */,
				6E731F922A2FFF2600143DBA /* generate.sh in Resources */,
			);
			runOnlyForDeploymentPostprocessing = 0;
		};
/* End PBXResourcesBuildPhase section */

/* Begin PBXSourcesBuildPhase section */
		6EEFDFBC2A0BDC5D009C0693 /* Sources */ = {
			isa = PBXSourcesBuildPhase;
			buildActionMask = 2147483647;
			files = (
				6EEF635D2A393C2400FBDCD3 /* CityDetailsView.swift in Sources */,
				6EEFDFC62A0BDC5D009C0693 /* ContentView.swift in Sources */,
				6E731F972A3005B700143DBA /* CityView.swift in Sources */,
				6EEFDFC42A0BDC5D009C0693 /* OtusHW4App.swift in Sources */,
				6E731F9C2A38AD7700143DBA /* CountryView.swift in Sources */,
			);
			runOnlyForDeploymentPostprocessing = 0;
		};
/* End PBXSourcesBuildPhase section */

/* Begin XCBuildConfiguration section */
		6EEFDFCD2A0BDC5E009C0693 /* Debug */ = {
			isa = XCBuildConfiguration;
			buildSettings = {
				ALWAYS_SEARCH_USER_PATHS = NO;
				CLANG_ANALYZER_NONNULL = YES;
				CLANG_ANALYZER_NUMBER_OBJECT_CONVERSION = YES_AGGRESSIVE;
				CLANG_CXX_LANGUAGE_STANDARD = "gnu++20";
				CLANG_ENABLE_MODULES = YES;
				CLANG_ENABLE_OBJC_ARC = YES;
				CLANG_ENABLE_OBJC_WEAK = YES;
				CLANG_WARN_BLOCK_CAPTURE_AUTORELEASING = YES;
				CLANG_WARN_BOOL_CONVERSION = YES;
				CLANG_WARN_COMMA = YES;
				CLANG_WARN_CONSTANT_CONVERSION = YES;
				CLANG_WARN_DEPRECATED_OBJC_IMPLEMENTATIONS = YES;
				CLANG_WARN_DIRECT_OBJC_ISA_USAGE = YES_ERROR;
				CLANG_WARN_DOCUMENTATION_COMMENTS = YES;
				CLANG_WARN_EMPTY_BODY = YES;
				CLANG_WARN_ENUM_CONVERSION = YES;
				CLANG_WARN_INFINITE_RECURSION = YES;
				CLANG_WARN_INT_CONVERSION = YES;
				CLANG_WARN_NON_LITERAL_NULL_CONVERSION = YES;
				CLANG_WARN_OBJC_IMPLICIT_RETAIN_SELF = YES;
				CLANG_WARN_OBJC_LITERAL_CONVERSION = YES;
				CLANG_WARN_OBJC_ROOT_CLASS = YES_ERROR;
				CLANG_WARN_QUOTED_INCLUDE_IN_FRAMEWORK_HEADER = YES;
				CLANG_WARN_RANGE_LOOP_ANALYSIS = YES;
				CLANG_WARN_STRICT_PROTOTYPES = YES;
				CLANG_WARN_SUSPICIOUS_MOVE = YES;
				CLANG_WARN_UNGUARDED_AVAILABILITY = YES_AGGRESSIVE;
				CLANG_WARN_UNREACHABLE_CODE = YES;
				CLANG_WARN__DUPLICATE_METHOD_MATCH = YES;
				COPY_PHASE_STRIP = NO;
				DEBUG_INFORMATION_FORMAT = dwarf;
				ENABLE_STRICT_OBJC_MSGSEND = YES;
				ENABLE_TESTABILITY = YES;
				GCC_C_LANGUAGE_STANDARD = gnu11;
				GCC_DYNAMIC_NO_PIC = NO;
				GCC_NO_COMMON_BLOCKS = YES;
				GCC_OPTIMIZATION_LEVEL = 0;
				GCC_PREPROCESSOR_DEFINITIONS = (
					"DEBUG=1",
					"$(inherited)",
				);
				GCC_WARN_64_TO_32_BIT_CONVERSION = YES;
				GCC_WARN_ABOUT_RETURN_TYPE = YES_ERROR;
				GCC_WARN_UNDECLARED_SELECTOR = YES;
				GCC_WARN_UNINITIALIZED_AUTOS = YES_AGGRESSIVE;
				GCC_WARN_UNUSED_FUNCTION = YES;
				GCC_WARN_UNUSED_VARIABLE = YES;
				MTL_ENABLE_DEBUG_INFO = INCLUDE_SOURCE;
				MTL_FAST_MATH = YES;
				ONLY_ACTIVE_ARCH = YES;
				SWIFT_ACTIVE_COMPILATION_CONDITIONS = DEBUG;
				SWIFT_OPTIMIZATION_LEVEL = "-Onone";
			};
			name = Debug;
		};
		6EEFDFCE2A0BDC5E009C0693 /* Release */ = {
			isa = XCBuildConfiguration;
			buildSettings = {
				ALWAYS_SEARCH_USER_PATHS = NO;
				CLANG_ANALYZER_NONNULL = YES;
				CLANG_ANALYZER_NUMBER_OBJECT_CONVERSION = YES_AGGRESSIVE;
				CLANG_CXX_LANGUAGE_STANDARD = "gnu++20";
				CLANG_ENABLE_MODULES = YES;
				CLANG_ENABLE_OBJC_ARC = YES;
				CLANG_ENABLE_OBJC_WEAK = YES;
				CLANG_WARN_BLOCK_CAPTURE_AUTORELEASING = YES;
				CLANG_WARN_BOOL_CONVERSION = YES;
				CLANG_WARN_COMMA = YES;
				CLANG_WARN_CONSTANT_CONVERSION = YES;
				CLANG_WARN_DEPRECATED_OBJC_IMPLEMENTATIONS = YES;
				CLANG_WARN_DIRECT_OBJC_ISA_USAGE = YES_ERROR;
				CLANG_WARN_DOCUMENTATION_COMMENTS = YES;
				CLANG_WARN_EMPTY_BODY = YES;
				CLANG_WARN_ENUM_CONVERSION = YES;
				CLANG_WARN_INFINITE_RECURSION = YES;
				CLANG_WARN_INT_CONVERSION = YES;
				CLANG_WARN_NON_LITERAL_NULL_CONVERSION = YES;
				CLANG_WARN_OBJC_IMPLICIT_RETAIN_SELF = YES;
				CLANG_WARN_OBJC_LITERAL_CONVERSION = YES;
				CLANG_WARN_OBJC_ROOT_CLASS = YES_ERROR;
				CLANG_WARN_QUOTED_INCLUDE_IN_FRAMEWORK_HEADER = YES;
				CLANG_WARN_RANGE_LOOP_ANALYSIS = YES;
				CLANG_WARN_STRICT_PROTOTYPES = YES;
				CLANG_WARN_SUSPICIOUS_MOVE = YES;
				CLANG_WARN_UNGUARDED_AVAILABILITY = YES_AGGRESSIVE;
				CLANG_WARN_UNREACHABLE_CODE = YES;
				CLANG_WARN__DUPLICATE_METHOD_MATCH = YES;
				COPY_PHASE_STRIP = NO;
				DEBUG_INFORMATION_FORMAT = "dwarf-with-dsym";
				ENABLE_NS_ASSERTIONS = NO;
				ENABLE_STRICT_OBJC_MSGSEND = YES;
				GCC_C_LANGUAGE_STANDARD = gnu11;
				GCC_NO_COMMON_BLOCKS = YES;
				GCC_WARN_64_TO_32_BIT_CONVERSION = YES;
				GCC_WARN_ABOUT_RETURN_TYPE = YES_ERROR;
				GCC_WARN_UNDECLARED_SELECTOR = YES;
				GCC_WARN_UNINITIALIZED_AUTOS = YES_AGGRESSIVE;
				GCC_WARN_UNUSED_FUNCTION = YES;
				GCC_WARN_UNUSED_VARIABLE = YES;
				MTL_ENABLE_DEBUG_INFO = NO;
				MTL_FAST_MATH = YES;
				SWIFT_COMPILATION_MODE = wholemodule;
				SWIFT_OPTIMIZATION_LEVEL = "-O";
			};
			name = Release;
		};
		6EEFDFD02A0BDC5E009C0693 /* Debug */ = {
			isa = XCBuildConfiguration;
			buildSettings = {
				ASSETCATALOG_COMPILER_APPICON_NAME = AppIcon;
				ASSETCATALOG_COMPILER_GLOBAL_ACCENT_COLOR_NAME = AccentColor;
				CODE_SIGN_ENTITLEMENTS = OtusHW4/OtusHW4.entitlements;
				CODE_SIGN_STYLE = Automatic;
				CURRENT_PROJECT_VERSION = 1;
				DEVELOPMENT_ASSET_PATHS = "\"OtusHW4/Preview Content\"";
				DEVELOPMENT_TEAM = J4QQR8527M;
				ENABLE_HARDENED_RUNTIME = YES;
				ENABLE_PREVIEWS = YES;
				GENERATE_INFOPLIST_FILE = YES;
				"INFOPLIST_KEY_UIApplicationSceneManifest_Generation[sdk=iphoneos*]" = YES;
				"INFOPLIST_KEY_UIApplicationSceneManifest_Generation[sdk=iphonesimulator*]" = YES;
				"INFOPLIST_KEY_UIApplicationSupportsIndirectInputEvents[sdk=iphoneos*]" = YES;
				"INFOPLIST_KEY_UIApplicationSupportsIndirectInputEvents[sdk=iphonesimulator*]" = YES;
				"INFOPLIST_KEY_UILaunchScreen_Generation[sdk=iphoneos*]" = YES;
				"INFOPLIST_KEY_UILaunchScreen_Generation[sdk=iphonesimulator*]" = YES;
				"INFOPLIST_KEY_UIStatusBarStyle[sdk=iphoneos*]" = UIStatusBarStyleDefault;
				"INFOPLIST_KEY_UIStatusBarStyle[sdk=iphonesimulator*]" = UIStatusBarStyleDefault;
				INFOPLIST_KEY_UISupportedInterfaceOrientations_iPad = "UIInterfaceOrientationPortrait UIInterfaceOrientationPortraitUpsideDown UIInterfaceOrientationLandscapeLeft UIInterfaceOrientationLandscapeRight";
				INFOPLIST_KEY_UISupportedInterfaceOrientations_iPhone = "UIInterfaceOrientationPortrait UIInterfaceOrientationLandscapeLeft UIInterfaceOrientationLandscapeRight";
				IPHONEOS_DEPLOYMENT_TARGET = 16.4;
				LD_RUNPATH_SEARCH_PATHS = "@executable_path/Frameworks";
				"LD_RUNPATH_SEARCH_PATHS[sdk=macosx*]" = "@executable_path/../Frameworks";
				MACOSX_DEPLOYMENT_TARGET = 13.3;
				MARKETING_VERSION = 1.0;
				PRODUCT_BUNDLE_IDENTIFIER = com.czarapps.OtusHW4;
				PRODUCT_NAME = "$(TARGET_NAME)";
				SDKROOT = auto;
				SUPPORTED_PLATFORMS = "iphoneos iphonesimulator macosx";
				SWIFT_EMIT_LOC_STRINGS = YES;
				SWIFT_VERSION = 5.0;
				TARGETED_DEVICE_FAMILY = "1,2";
			};
			name = Debug;
		};
		6EEFDFD12A0BDC5E009C0693 /* Release */ = {
			isa = XCBuildConfiguration;
			buildSettings = {
				ASSETCATALOG_COMPILER_APPICON_NAME = AppIcon;
				ASSETCATALOG_COMPILER_GLOBAL_ACCENT_COLOR_NAME = AccentColor;
				CODE_SIGN_ENTITLEMENTS = OtusHW4/OtusHW4.entitlements;
				CODE_SIGN_STYLE = Automatic;
				CURRENT_PROJECT_VERSION = 1;
				DEVELOPMENT_ASSET_PATHS = "\"OtusHW4/Preview Content\"";
				DEVELOPMENT_TEAM = J4QQR8527M;
				ENABLE_HARDENED_RUNTIME = YES;
				ENABLE_PREVIEWS = YES;
				GENERATE_INFOPLIST_FILE = YES;
				"INFOPLIST_KEY_UIApplicationSceneManifest_Generation[sdk=iphoneos*]" = YES;
				"INFOPLIST_KEY_UIApplicationSceneManifest_Generation[sdk=iphonesimulator*]" = YES;
				"INFOPLIST_KEY_UIApplicationSupportsIndirectInputEvents[sdk=iphoneos*]" = YES;
				"INFOPLIST_KEY_UIApplicationSupportsIndirectInputEvents[sdk=iphonesimulator*]" = YES;
				"INFOPLIST_KEY_UILaunchScreen_Generation[sdk=iphoneos*]" = YES;
				"INFOPLIST_KEY_UILaunchScreen_Generation[sdk=iphonesimulator*]" = YES;
				"INFOPLIST_KEY_UIStatusBarStyle[sdk=iphoneos*]" = UIStatusBarStyleDefault;
				"INFOPLIST_KEY_UIStatusBarStyle[sdk=iphonesimulator*]" = UIStatusBarStyleDefault;
				INFOPLIST_KEY_UISupportedInterfaceOrientations_iPad = "UIInterfaceOrientationPortrait UIInterfaceOrientationPortraitUpsideDown UIInterfaceOrientationLandscapeLeft UIInterfaceOrientationLandscapeRight";
				INFOPLIST_KEY_UISupportedInterfaceOrientations_iPhone = "UIInterfaceOrientationPortrait UIInterfaceOrientationLandscapeLeft UIInterfaceOrientationLandscapeRight";
				IPHONEOS_DEPLOYMENT_TARGET = 16.4;
				LD_RUNPATH_SEARCH_PATHS = "@executable_path/Frameworks";
				"LD_RUNPATH_SEARCH_PATHS[sdk=macosx*]" = "@executable_path/../Frameworks";
				MACOSX_DEPLOYMENT_TARGET = 13.3;
				MARKETING_VERSION = 1.0;
				PRODUCT_BUNDLE_IDENTIFIER = com.czarapps.OtusHW4;
				PRODUCT_NAME = "$(TARGET_NAME)";
				SDKROOT = auto;
				SUPPORTED_PLATFORMS = "iphoneos iphonesimulator macosx";
				SWIFT_EMIT_LOC_STRINGS = YES;
				SWIFT_VERSION = 5.0;
				TARGETED_DEVICE_FAMILY = "1,2";
			};
			name = Release;
		};
/* End XCBuildConfiguration section */

/* Begin XCConfigurationList section */
		6EEFDFBB2A0BDC5D009C0693 /* Build configuration list for PBXProject "OtusHW4" */ = {
			isa = XCConfigurationList;
			buildConfigurations = (
				6EEFDFCD2A0BDC5E009C0693 /* Debug */,
				6EEFDFCE2A0BDC5E009C0693 /* Release */,
			);
			defaultConfigurationIsVisible = 0;
			defaultConfigurationName = Release;
		};
		6EEFDFCF2A0BDC5E009C0693 /* Build configuration list for PBXNativeTarget "OtusHW4" */ = {
			isa = XCConfigurationList;
			buildConfigurations = (
				6EEFDFD02A0BDC5E009C0693 /* Debug */,
				6EEFDFD12A0BDC5E009C0693 /* Release */,
			);
			defaultConfigurationIsVisible = 0;
			defaultConfigurationName = Release;
		};
/* End XCConfigurationList section */

/* Begin XCSwiftPackageProductDependency section */
		6EEF63612A3944D500FBDCD3 /* Networking */ = {
			isa = XCSwiftPackageProductDependency;
			productName = Networking;
		};
		6EEF63632A3944D500FBDCD3 /* UIDesignSystem */ = {
			isa = XCSwiftPackageProductDependency;
			productName = UIDesignSystem;
		};
/* End XCSwiftPackageProductDependency section */
	};
	rootObject = 6EEFDFB82A0BDC5D009C0693 /* Project object */;
}
